// !$*UTF8*$!
{
	archiveVersion = 1;
	classes = {
	};
	objectVersion = 50;
	objects = {

/* Begin PBXBuildFile section */
		C39068BA24B1D14000648CB7 /* AppDelegate.swift in Sources */ = {isa = PBXBuildFile; fileRef = C39068B924B1D14000648CB7 /* AppDelegate.swift */; };
		C39068BC24B1D14000648CB7 /* SceneDelegate.swift in Sources */ = {isa = PBXBuildFile; fileRef = C39068BB24B1D14000648CB7 /* SceneDelegate.swift */; };
		C39068BE24B1D14000648CB7 /* ContentView.swift in Sources */ = {isa = PBXBuildFile; fileRef = C39068BD24B1D14000648CB7 /* ContentView.swift */; };
		C39068C024B1D14300648CB7 /* Assets.xcassets in Resources */ = {isa = PBXBuildFile; fileRef = C39068BF24B1D14300648CB7 /* Assets.xcassets */; };
		C39068C324B1D14300648CB7 /* Preview Assets.xcassets in Resources */ = {isa = PBXBuildFile; fileRef = C39068C224B1D14300648CB7 /* Preview Assets.xcassets */; };
		C39068C624B1D14300648CB7 /* LaunchScreen.storyboard in Resources */ = {isa = PBXBuildFile; fileRef = C39068C424B1D14300648CB7 /* LaunchScreen.storyboard */; };
/* End PBXBuildFile section */

/* Begin PBXFileReference section */
		C39068B624B1D14000648CB7 /* SwiftUIClock.app */ = {isa = PBXFileReference; explicitFileType = wrapper.application; includeInIndex = 0; path = SwiftUIClock.app; sourceTree = BUILT_PRODUCTS_DIR; };
		C39068B924B1D14000648CB7 /* AppDelegate.swift */ = {isa = PBXFileReference; lastKnownFileType = sourcecode.swift; path = AppDelegate.swift; sourceTree = "<group>"; };
		C39068BB24B1D14000648CB7 /* SceneDelegate.swift */ = {isa = PBXFileReference; lastKnownFileType = sourcecode.swift; path = SceneDelegate.swift; sourceTree = "<group>"; };
		C39068BD24B1D14000648CB7 /* ContentView.swift */ = {isa = PBXFileReference; lastKnownFileType = sourcecode.swift; path = ContentView.swift; sourceTree = "<group>"; };
		C39068BF24B1D14300648CB7 /* Assets.xcassets */ = {isa = PBXFileReference; lastKnownFileType = folder.assetcatalog; path = Assets.xcassets; sourceTree = "<group>"; };
		C39068C224B1D14300648CB7 /* Preview Assets.xcassets */ = {isa = PBXFileReference; lastKnownFileType = folder.assetcatalog; path = "Preview Assets.xcassets"; sourceTree = "<group>"; };
		C39068C524B1D14300648CB7 /* Base */ = {isa = PBXFileReference; lastKnownFileType = file.storyboard; name = Base; path = Base.lproj/LaunchScreen.storyboard; sourceTree = "<group>"; };
		C39068C724B1D14300648CB7 /* Info.plist */ = {isa = PBXFileReference; lastKnownFileType = text.plist.xml; path = Info.plist; sourceTree = "<group>"; };
/* End PBXFileReference section */

/* Begin PBXFrameworksBuildPhase section */
		C39068B324B1D14000648CB7 /* Frameworks */ = {
			isa = PBXFrameworksBuildPhase;
			buildActionMask = 2147483647;
			files = (
			);
			runOnlyForDeploymentPostprocessing = 0;
		};
/* End PBXFrameworksBuildPhase section */

/* Begin PBXGroup section */
		C39068AD24B1D14000648CB7 = {
			isa = PBXGroup;
			children = (
				C39068B824B1D14000648CB7 /* SwiftUIClock */,
				C39068B724B1D14000648CB7 /* Products */,
			);
			sourceTree = "<group>";
		};
		C39068B724B1D14000648CB7 /* Products */ = {
			isa = PBXGroup;
			children = (
				C39068B624B1D14000648CB7 /* SwiftUIClock.app */,
			);
			name = Products;
			sourceTree = "<group>";
		};
		C39068B824B1D14000648CB7 /* SwiftUIClock */ = {
			isa = PBXGroup;
			children = (
				C39068B924B1D14000648CB7 /* AppDelegate.swift */,
				C39068BB24B1D14000648CB7 /* SceneDelegate.swift */,
				C39068BD24B1D14000648CB7 /* ContentView.swift */,
				C39068BF24B1D14300648CB7 /* Assets.xcassets */,
				C39068C424B1D14300648CB7 /* LaunchScreen.storyboard */,
				C39068C724B1D14300648CB7 /* Info.plist */,
				C39068C124B1D14300648CB7 /* Preview Content */,
			);
			path = SwiftUIClock;
			sourceTree = "<group>";
		};
		C39068C124B1D14300648CB7 /* Preview Content */ = {
			isa = PBXGroup;
			children = (
				C39068C224B1D14300648CB7 /* Preview Assets.xcassets */,
			);
			path = "Preview Content";
			sourceTree = "<group>";
		};
/* End PBXGroup section */

/* Begin PBXNativeTarget section */
		C39068B524B1D14000648CB7 /* SwiftUIClock */ = {
			isa = PBXNativeTarget;
			buildConfigurationList = C39068CA24B1D14300648CB7 /* Build configuration list for PBXNativeTarget "SwiftUIClock" */;
			buildPhases = (
				C39068B224B1D14000648CB7 /* Sources */,
				C39068B324B1D14000648CB7 /* Frameworks */,
				C39068B424B1D14000648CB7 /* Resources */,
			);
			buildRules = (
			);
			dependencies = (
			);
			name = SwiftUIClock;
			productName = SwiftUIClock;
			productReference = C39068B624B1D14000648CB7 /* SwiftUIClock.app */;
			productType = "com.apple.product-type.application";
		};
/* End PBXNativeTarget section */

/* Begin PBXProject section */
		C39068AE24B1D14000648CB7 /* Project object */ = {
			isa = PBXProject;
			attributes = {
				LastSwiftUpdateCheck = 1200;
				LastUpgradeCheck = 1200;
				TargetAttributes = {
					C39068B524B1D14000648CB7 = {
						CreatedOnToolsVersion = 12.0;
					};
				};
			};
			buildConfigurationList = C39068B124B1D14000648CB7 /* Build configuration list for PBXProject "SwiftUIClock" */;
			compatibilityVersion = "Xcode 9.3";
			developmentRegion = en;
			hasScannedForEncodings = 0;
			knownRegions = (
				en,
				Base,
			);
			mainGroup = C39068AD24B1D14000648CB7;
			productRefGroup = C39068B724B1D14000648CB7 /* Products */;
			projectDirPath = "";
			projectRoot = "";
			targets = (
				C39068B524B1D14000648CB7 /* SwiftUIClock */,
			);
		};
/* End PBXProject section */

/* Begin PBXResourcesBuildPhase section */
		C39068B424B1D14000648CB7 /* Resources */ = {
			isa = PBXResourcesBuildPhase;
			buildActionMask = 2147483647;
			files = (
				C39068C624B1D14300648CB7 /* LaunchScreen.storyboard in Resources */,
				C39068C324B1D14300648CB7 /* Preview Assets.xcassets in Resources */,
				C39068C024B1D14300648CB7 /* Assets.xcassets in Resources */,
			);
			runOnlyForDeploymentPostprocessing = 0;
		};
/* End PBXResourcesBuildPhase section */

/* Begin PBXSourcesBuildPhase section */
		C39068B224B1D14000648CB7 /* Sources */ = {
			isa = PBXSourcesBuildPhase;
			buildActionMask = 2147483647;
			files = (
				C39068BA24B1D14000648CB7 /* AppDelegate.swift in Sources */,
				C39068BC24B1D14000648CB7 /* SceneDelegate.swift in Sources */,
				C39068BE24B1D14000648CB7 /* ContentView.swift in Sources */,
			);
			runOnlyForDeploymentPostprocessing = 0;
		};
/* End PBXSourcesBuildPhase section */

/* Begin PBXVariantGroup section */
		C39068C424B1D14300648CB7 /* LaunchScreen.storyboard */ = {
			isa = PBXVariantGroup;
			children = (
				C39068C524B1D14300648CB7 /* Base */,
			);
			name = LaunchScreen.storyboard;
			sourceTree = "<group>";
		};
/* End PBXVariantGroup section */

/* Begin XCBuildConfiguration section */
		C39068C824B1D14300648CB7 /* Debug */ = {
			isa = XCBuildConfiguration;
			buildSettings = {
				ALWAYS_SEARCH_USER_PATHS = NO;
				CLANG_ANALYZER_NONNULL = YES;
				CLANG_ANALYZER_NUMBER_OBJECT_CONVERSION = YES_AGGRESSIVE;
				CLANG_CXX_LANGUAGE_STANDARD = "gnu++14";
				CLANG_CXX_LIBRARY = "libc++";
				CLANG_ENABLE_MODULES = YES;
				CLANG_ENABLE_OBJC_ARC = YES;
				CLANG_ENABLE_OBJC_WEAK = YES;
				CLANG_WARN_BLOCK_CAPTURE_AUTORELEASING = YES;
				CLANG_WARN_BOOL_CONVERSION = YES;
				CLANG_WARN_COMMA = YES;
				CLANG_WARN_CONSTANT_CONVERSION = YES;
				CLANG_WARN_DEPRECATED_OBJC_IMPLEMENTATIONS = YES;
				CLANG_WARN_DIRECT_OBJC_ISA_USAGE = YES_ERROR;
				CLANG_WARN_DOCUMENTATION_COMMENTS = YES;
				CLANG_WARN_EMPTY_BODY = YES;
				CLANG_WARN_ENUM_CONVERSION = YES;
				CLANG_WARN_INFINITE_RECURSION = YES;
				CLANG_WARN_INT_CONVERSION = YES;
				CLANG_WARN_NON_LITERAL_NULL_CONVERSION = YES;
				CLANG_WARN_OBJC_IMPLICIT_RETAIN_SELF = YES;
				CLANG_WARN_OBJC_LITERAL_CONVERSION = YES;
				CLANG_WARN_OBJC_ROOT_CLASS = YES_ERROR;
				CLANG_WARN_QUOTED_INCLUDE_IN_FRAMEWORK_HEADER = YES;
				CLANG_WARN_RANGE_LOOP_ANALYSIS = YES;
				CLANG_WARN_STRICT_PROTOTYPES = YES;
				CLANG_WARN_SUSPICIOUS_MOVE = YES;
				CLANG_WARN_UNGUARDED_AVAILABILITY = YES_AGGRESSIVE;
				CLANG_WARN_UNREACHABLE_CODE = YES;
				CLANG_WARN__DUPLICATE_METHOD_MATCH = YES;
				COPY_PHASE_STRIP = NO;
				DEBUG_INFORMATION_FORMAT = dwarf;
				ENABLE_STRICT_OBJC_MSGSEND = YES;
				ENABLE_TESTABILITY = YES;
				GCC_C_LANGUAGE_STANDARD = gnu11;
				GCC_DYNAMIC_NO_PIC = NO;
				GCC_NO_COMMON_BLOCKS = YES;
				GCC_OPTIMIZATION_LEVEL = 0;
				GCC_PREPROCESSOR_DEFINITIONS = (
					"DEBUG=1",
					"$(inherited)",
				);
				GCC_WARN_64_TO_32_BIT_CONVERSION = YES;
				GCC_WARN_ABOUT_RETURN_TYPE = YES_ERROR;
				GCC_WARN_UNDECLARED_SELECTOR = YES;
				GCC_WARN_UNINITIALIZED_AUTOS = YES_AGGRESSIVE;
				GCC_WARN_UNUSED_FUNCTION = YES;
				GCC_WARN_UNUSED_VARIABLE = YES;
				IPHONEOS_DEPLOYMENT_TARGET = 14.0;
				MTL_ENABLE_DEBUG_INFO = INCLUDE_SOURCE;
				MTL_FAST_MATH = YES;
				ONLY_ACTIVE_ARCH = YES;
				SDKROOT = iphoneos;
				SWIFT_ACTIVE_COMPILATION_CONDITIONS = DEBUG;
				SWIFT_OPTIMIZATION_LEVEL = "-Onone";
			};
			name = Debug;
		};
		C39068C924B1D14300648CB7 /* Release */ = {
			isa = XCBuildConfiguration;
			buildSettings = {
				ALWAYS_SEARCH_USER_PATHS = NO;
				CLANG_ANALYZER_NONNULL = YES;
				CLANG_ANALYZER_NUMBER_OBJECT_CONVERSION = YES_AGGRESSIVE;
				CLANG_CXX_LANGUAGE_STANDARD = "gnu++14";
				CLANG_CXX_LIBRARY = "libc++";
				CLANG_ENABLE_MODULES = YES;
				CLANG_ENABLE_OBJC_ARC = YES;
				CLANG_ENABLE_OBJC_WEAK = YES;
				CLANG_WARN_BLOCK_CAPTURE_AUTORELEASING = YES;
				CLANG_WARN_BOOL_CONVERSION = YES;
				CLANG_WARN_COMMA = YES;
				CLANG_WARN_CONSTANT_CONVERSION = YES;
				CLANG_WARN_DEPRECATED_OBJC_IMPLEMENTATIONS = YES;
				CLANG_WARN_DIRECT_OBJC_ISA_USAGE = YES_ERROR;
				CLANG_WARN_DOCUMENTATION_COMMENTS = YES;
				CLANG_WARN_EMPTY_BODY = YES;
				CLANG_WARN_ENUM_CONVERSION = YES;
				CLANG_WARN_INFINITE_RECURSION = YES;
				CLANG_WARN_INT_CONVERSION = YES;
				CLANG_WARN_NON_LITERAL_NULL_CONVERSION = YES;
				CLANG_WARN_OBJC_IMPLICIT_RETAIN_SELF = YES;
				CLANG_WARN_OBJC_LITERAL_CONVERSION = YES;
				CLANG_WARN_OBJC_ROOT_CLASS = YES_ERROR;
				CLANG_WARN_QUOTED_INCLUDE_IN_FRAMEWORK_HEADER = YES;
				CLANG_WARN_RANGE_LOOP_ANALYSIS = YES;
				CLANG_WARN_STRICT_PROTOTYPES = YES;
				CLANG_WARN_SUSPICIOUS_MOVE = YES;
				CLANG_WARN_UNGUARDED_AVAILABILITY = YES_AGGRESSIVE;
				CLANG_WARN_UNREACHABLE_CODE = YES;
				CLANG_WARN__DUPLICATE_METHOD_MATCH = YES;
				COPY_PHASE_STRIP = NO;
				DEBUG_INFORMATION_FORMAT = "dwarf-with-dsym";
				ENABLE_NS_ASSERTIONS = NO;
				ENABLE_STRICT_OBJC_MSGSEND = YES;
				GCC_C_LANGUAGE_STANDARD = gnu11;
				GCC_NO_COMMON_BLOCKS = YES;
				GCC_WARN_64_TO_32_BIT_CONVERSION = YES;
				GCC_WARN_ABOUT_RETURN_TYPE = YES_ERROR;
				GCC_WARN_UNDECLARED_SELECTOR = YES;
				GCC_WARN_UNINITIALIZED_AUTOS = YES_AGGRESSIVE;
				GCC_WARN_UNUSED_FUNCTION = YES;
				GCC_WARN_UNUSED_VARIABLE = YES;
				IPHONEOS_DEPLOYMENT_TARGET = 14.0;
				MTL_ENABLE_DEBUG_INFO = NO;
				MTL_FAST_MATH = YES;
				SDKROOT = iphoneos;
				SWIFT_COMPILATION_MODE = wholemodule;
				SWIFT_OPTIMIZATION_LEVEL = "-O";
				VALIDATE_PRODUCT = YES;
			};
			name = Release;
		};
		C39068CB24B1D14300648CB7 /* Debug */ = {
			isa = XCBuildConfiguration;
			buildSettings = {
				ASSETCATALOG_COMPILER_APPICON_NAME = AppIcon;
				ASSETCATALOG_COMPILER_GLOBAL_ACCENT_COLOR_NAME = AccentColor;
				CODE_SIGN_STYLE = Automatic;
				DEVELOPMENT_ASSET_PATHS = "\"SwiftUIClock/Preview Content\"";
				DEVELOPMENT_TEAM = JBCVY683YK;
				ENABLE_PREVIEWS = YES;
				INFOPLIST_FILE = SwiftUIClock/Info.plist;
				LD_RUNPATH_SEARCH_PATHS = (
					"$(inherited)",
					"@executable_path/Frameworks",
				);
				PRODUCT_BUNDLE_IDENTIFIER = daora.SwiftUIClock;
				PRODUCT_NAME = "$(TARGET_NAME)";
				SWIFT_VERSION = 5.0;
				TARGETED_DEVICE_FAMILY = "1,2";
			};
			name = Debug;
		};
		C39068CC24B1D14300648CB7 /* Release */ = {
			isa = XCBuildConfiguration;
			buildSettings = {
				ASSETCATALOG_COMPILER_APPICON_NAME = AppIcon;
				ASSETCATALOG_COMPILER_GLOBAL_ACCENT_COLOR_NAME = AccentColor;
				CODE_SIGN_STYLE = Automatic;
				DEVELOPMENT_ASSET_PATHS = "\"SwiftUIClock/Preview Content\"";
				DEVELOPMENT_TEAM = JBCVY683YK;
				ENABLE_PREVIEWS = YES;
				INFOPLIST_FILE = SwiftUIClock/Info.plist;
				LD_RUNPATH_SEARCH_PATHS = (
					"$(inherited)",
					"@executable_path/Frameworks",
				);
				PRODUCT_BUNDLE_IDENTIFIER = daora.SwiftUIClock;
				PRODUCT_NAME = "$(TARGET_NAME)";
				SWIFT_VERSION = 5.0;
				TARGETED_DEVICE_FAMILY = "1,2";
			};
			name = Release;
		};
/* End XCBuildConfiguration section */

/* Begin XCConfigurationList section */
		C39068B124B1D14000648CB7 /* Build configuration list for PBXProject "SwiftUIClock" */ = {
			isa = XCConfigurationList;
			buildConfigurations = (
				C39068C824B1D14300648CB7 /* Debug */,
				C39068C924B1D14300648CB7 /* Release */,
			);
			defaultConfigurationIsVisible = 0;
			defaultConfigurationName = Release;
		};
		C39068CA24B1D14300648CB7 /* Build configuration list for PBXNativeTarget "SwiftUIClock" */ = {
			isa = XCConfigurationList;
			buildConfigurations = (
				C39068CB24B1D14300648CB7 /* Debug */,
				C39068CC24B1D14300648CB7 /* Release */,
			);
			defaultConfigurationIsVisible = 0;
			defaultConfigurationName = Release;
		};
/* End XCConfigurationList section */
	};
	rootObject = C39068AE24B1D14000648CB7 /* Project object */;
}
